
Microsoft Visual Studio Solution File, Format Version 12.00
# Visual Studio Version 17
VisualStudioVersion = 17.14.36203.30 d17.14
MinimumVisualStudioVersion = 10.0.40219.1
Project("{FAE04EC0-301F-11D3-BF4B-00C04F79EFBC}") = "section_2_fundementals", "section_2_fundementals\section_2_fundementals.csproj", "{BB80B5AB-A790-45DA-BF02-2971CCA817FA}"
EndProject
Global
	GlobalSection(SolutionConfigurationPlatforms) = preSolution
		Debug|Any CPU = Debug|Any CPU
		Release|Any CPU = Release|Any CPU
	EndGlobalSection
	GlobalSection(ProjectConfigurationPlatforms) = postSolution
		{BB80B5AB-A790-45DA-BF02-2971CCA817FA}.Debug|Any CPU.ActiveCfg = Debug|Any CPU
		{BB80B5AB-A790-45DA-BF02-2971CCA817FA}.Debug|Any CPU.Build.0 = Debug|Any CPU
		{BB80B5AB-A790-45DA-BF02-2971CCA817FA}.Release|Any CPU.ActiveCfg = Release|Any CPU
		{BB80B5AB-A790-45DA-BF02-2971CCA817FA}.Release|Any CPU.Build.0 = Release|Any CPU
	EndGlobalSection
	GlobalSection(SolutionProperties) = preSolution
		HideSolutionNode = FALSE
	EndGlobalSection
	GlobalSection(ExtensibilityGlobals) = postSolution
		SolutionGuid = {6124AD93-A603-4A31-87E6-52355ECA50E2}
	EndGlobalSection
EndGlobal
